
Microsoft Visual Studio Solution File, Format Version 12.00
# Visual Studio Version 16
VisualStudioVersion = 16.0.31624.102
MinimumVisualStudioVersion = 10.0.40219.1
Project("{9A19103F-16F7-4668-BE54-9A1E7A4F7556}") = "DotNetBoom", "DotNetBoom\DotNetBoom.csproj", "{F1853A8E-53BD-4321-9FF3-04861CD396AD}"
EndProject
Global
	GlobalSection(SolutionConfigurationPlatforms) = preSolution
		Debug|Any CPU = Debug|Any CPU
		Release|Any CPU = Release|Any CPU
	EndGlobalSection
	GlobalSection(ProjectConfigurationPlatforms) = postSolution
		{F1853A8E-53BD-4321-9FF3-04861CD396AD}.Debug|Any CPU.ActiveCfg = Debug|Any CPU
		{F1853A8E-53BD-4321-9FF3-04861CD396AD}.Debug|Any CPU.Build.0 = Debug|Any CPU
		{F1853A8E-53BD-4321-9FF3-04861CD396AD}.Release|Any CPU.ActiveCfg = Release|Any CPU
		{F1853A8E-53BD-4321-9FF3-04861CD396AD}.Release|Any CPU.Build.0 = Release|Any CPU
	EndGlobalSection
	GlobalSection(SolutionProperties) = preSolution
		HideSolutionNode = FALSE
	EndGlobalSection
	GlobalSection(ExtensibilityGlobals) = postSolution
		SolutionGuid = {FD33E3F6-C7A0-4A3F-ABB4-62A8CE3CC2C7}
	EndGlobalSection
EndGlobal
